
Microsoft Visual Studio Solution File, Format Version 12.00
# Visual Studio Version 16
VisualStudioVersion = 16.0.31005.135
MinimumVisualStudioVersion = 10.0.40219.1
Project("{2150E333-8FDC-42A3-9474-1A3956D46DE8}") = "Services", "Services", "{15BEA11E-0C27-4039-A520-DD1B6481398D}"
EndProject
Project("{2150E333-8FDC-42A3-9474-1A3956D46DE8}") = "WebApps", "WebApps", "{826FE25B-AEA5-4B94-AA58-A39B4FBECC1E}"
EndProject
Project("{2150E333-8FDC-42A3-9474-1A3956D46DE8}") = "Core", "Core", "{C343180A-C9FF-4C2F-AEC3-F1DA9FF84B77}"
EndProject
Project("{2150E333-8FDC-42A3-9474-1A3956D46DE8}") = "Motorista", "Motorista", "{033CAECB-41CF-4470-8261-E2334F7A7A46}"
EndProject
Project("{2150E333-8FDC-42A3-9474-1A3956D46DE8}") = "Viagem", "Viagem", "{E4639E7B-0E69-474D-996E-3F17EC41145C}"
EndProject
Project("{FAE04EC0-301F-11D3-BF4B-00C04F79EFBC}") = "JSL.Core", "src\JSL.Core\JSL.Core.csproj", "{415C675A-95ED-4E6C-B255-CE8BE708135D}"
EndProject
Project("{FAE04EC0-301F-11D3-BF4B-00C04F79EFBC}") = "JSL.Motorista.Domain", "src\JSL.Motorista.Domain\JSL.Motorista.Domain.csproj", "{FDA12B59-2500-4CDE-A967-B017601B752D}"
EndProject
Project("{FAE04EC0-301F-11D3-BF4B-00C04F79EFBC}") = "JSL.Motorista.Data", "src\JSL.Motorista.Data\JSL.Motorista.Data.csproj", "{A83E3F8A-A2AA-43BA-9703-59A2918031B4}"
EndProject
Project("{FAE04EC0-301F-11D3-BF4B-00C04F79EFBC}") = "JSL.Viagem.Data", "src\JSL.Viagem.Data\JSL.Viagem.Data.csproj", "{A0BBAF88-84AC-45EE-A592-C75F34607DE0}"
EndProject
Project("{FAE04EC0-301F-11D3-BF4B-00C04F79EFBC}") = "JSL.Viagem.Domain", "src\JSL.Viagem.Domain\JSL.Viagem.Domain.csproj", "{4EC0260B-3147-4216-8D76-DD12C17AC052}"
EndProject
Project("{FAE04EC0-301F-11D3-BF4B-00C04F79EFBC}") = "JSL.WebApp.API", "src\JSL.WebApp.API\JSL.WebApp.API.csproj", "{F74E29FF-7DF5-4240-A0F5-6EEBDF496C24}"
EndProject
Global
	GlobalSection(SolutionConfigurationPlatforms) = preSolution
		Debug|Any CPU = Debug|Any CPU
		Release|Any CPU = Release|Any CPU
	EndGlobalSection
	GlobalSection(ProjectConfigurationPlatforms) = postSolution
		{415C675A-95ED-4E6C-B255-CE8BE708135D}.Debug|Any CPU.ActiveCfg = Debug|Any CPU
		{415C675A-95ED-4E6C-B255-CE8BE708135D}.Debug|Any CPU.Build.0 = Debug|Any CPU
		{415C675A-95ED-4E6C-B255-CE8BE708135D}.Release|Any CPU.ActiveCfg = Release|Any CPU
		{415C675A-95ED-4E6C-B255-CE8BE708135D}.Release|Any CPU.Build.0 = Release|Any CPU
		{FDA12B59-2500-4CDE-A967-B017601B752D}.Debug|Any CPU.ActiveCfg = Debug|Any CPU
		{FDA12B59-2500-4CDE-A967-B017601B752D}.Debug|Any CPU.Build.0 = Debug|Any CPU
		{FDA12B59-2500-4CDE-A967-B017601B752D}.Release|Any CPU.ActiveCfg = Release|Any CPU
		{FDA12B59-2500-4CDE-A967-B017601B752D}.Release|Any CPU.Build.0 = Release|Any CPU
		{A83E3F8A-A2AA-43BA-9703-59A2918031B4}.Debug|Any CPU.ActiveCfg = Debug|Any CPU
		{A83E3F8A-A2AA-43BA-9703-59A2918031B4}.Debug|Any CPU.Build.0 = Debug|Any CPU
		{A83E3F8A-A2AA-43BA-9703-59A2918031B4}.Release|Any CPU.ActiveCfg = Release|Any CPU
		{A83E3F8A-A2AA-43BA-9703-59A2918031B4}.Release|Any CPU.Build.0 = Release|Any CPU
		{A0BBAF88-84AC-45EE-A592-C75F34607DE0}.Debug|Any CPU.ActiveCfg = Debug|Any CPU
		{A0BBAF88-84AC-45EE-A592-C75F34607DE0}.Debug|Any CPU.Build.0 = Debug|Any CPU
		{A0BBAF88-84AC-45EE-A592-C75F34607DE0}.Release|Any CPU.ActiveCfg = Release|Any CPU
		{A0BBAF88-84AC-45EE-A592-C75F34607DE0}.Release|Any CPU.Build.0 = Release|Any CPU
		{4EC0260B-3147-4216-8D76-DD12C17AC052}.Debug|Any CPU.ActiveCfg = Debug|Any CPU
		{4EC0260B-3147-4216-8D76-DD12C17AC052}.Debug|Any CPU.Build.0 = Debug|Any CPU
		{4EC0260B-3147-4216-8D76-DD12C17AC052}.Release|Any CPU.ActiveCfg = Release|Any CPU
		{4EC0260B-3147-4216-8D76-DD12C17AC052}.Release|Any CPU.Build.0 = Release|Any CPU
		{F74E29FF-7DF5-4240-A0F5-6EEBDF496C24}.Debug|Any CPU.ActiveCfg = Debug|Any CPU
		{F74E29FF-7DF5-4240-A0F5-6EEBDF496C24}.Debug|Any CPU.Build.0 = Debug|Any CPU
		{F74E29FF-7DF5-4240-A0F5-6EEBDF496C24}.Release|Any CPU.ActiveCfg = Release|Any CPU
		{F74E29FF-7DF5-4240-A0F5-6EEBDF496C24}.Release|Any CPU.Build.0 = Release|Any CPU
	EndGlobalSection
	GlobalSection(SolutionProperties) = preSolution
		HideSolutionNode = FALSE
	EndGlobalSection
	GlobalSection(NestedProjects) = preSolution
		{C343180A-C9FF-4C2F-AEC3-F1DA9FF84B77} = {15BEA11E-0C27-4039-A520-DD1B6481398D}
		{033CAECB-41CF-4470-8261-E2334F7A7A46} = {15BEA11E-0C27-4039-A520-DD1B6481398D}
		{E4639E7B-0E69-474D-996E-3F17EC41145C} = {15BEA11E-0C27-4039-A520-DD1B6481398D}
		{415C675A-95ED-4E6C-B255-CE8BE708135D} = {C343180A-C9FF-4C2F-AEC3-F1DA9FF84B77}
		{FDA12B59-2500-4CDE-A967-B017601B752D} = {033CAECB-41CF-4470-8261-E2334F7A7A46}
		{A83E3F8A-A2AA-43BA-9703-59A2918031B4} = {033CAECB-41CF-4470-8261-E2334F7A7A46}
		{A0BBAF88-84AC-45EE-A592-C75F34607DE0} = {E4639E7B-0E69-474D-996E-3F17EC41145C}
		{4EC0260B-3147-4216-8D76-DD12C17AC052} = {E4639E7B-0E69-474D-996E-3F17EC41145C}
		{F74E29FF-7DF5-4240-A0F5-6EEBDF496C24} = {826FE25B-AEA5-4B94-AA58-A39B4FBECC1E}
	EndGlobalSection
	GlobalSection(ExtensibilityGlobals) = postSolution
		SolutionGuid = {A9AC94AD-BFBC-410E-8AE3-6AD2CE32C2F6}
	EndGlobalSection
EndGlobal
